{
  "name": "hugo-mod-abcjs-vendored",
  "version": "0.0.0",
  "lockfileVersion": 3,
  "requires": true,
  "packages": {
    "": {
      "name": "hugo-mod-abcjs-vendored",
      "version": "0.0.0",
      "dependencies": {
        "abcjs": "6.6.3"
      }
    },
    "node_modules/abcjs": {
      "version": "6.6.3",
      "resolved": "https://registry.npmjs.org/abcjs/-/abcjs-6.6.3.tgz",
      "integrity": "sha512-BerGJCY8+pvJV1+VxZn1Y/VNcuSAk8BysCbBICY0W8fgE5g4W6sA/zB5pKxcgqzY5/gObh8ugl++4ZoaTqUCkw==",
      "license": "MIT",
      "funding": {
        "type": "github",
        "url": "https://github.com/sponsors/paulrosen"
      }
    }
  }
}
