{
  "name": "hugo-mod-abcjs-vendored",
  "version": "0.0.0",
  "lockfileVersion": 3,
  "requires": true,
  "packages": {
    "": {
      "name": "hugo-mod-abcjs-vendored",
      "version": "0.0.0",
      "dependencies": {
        "abcjs": "6.6.4"
      }
    },
    "node_modules/abcjs": {
      "version": "6.6.4",
      "resolved": "https://registry.npmjs.org/abcjs/-/abcjs-6.6.4.tgz",
      "integrity": "sha512-KNbRE9Uk7KgJu6TWCEph3rqSifcCN243qRMALysRngEzbuv6JuFJrSKbLI1Bpw/XyXFTFEzoFF1WHWBHsoofyA==",
      "license": "MIT",
      "funding": {
        "type": "github",
        "url": "https://github.com/sponsors/paulrosen"
      }
    }
  }
}
